// !$*UTF8*$!
{
	archiveVersion = 1;
	classes = {
	};
	objectVersion = 45;
	objects = {

/* Begin PBXBuildFile section */
		0237FA3F11B0B897006B2D9B /* corporate_logo.png in Resources */ = {isa = PBXBuildFile; fileRef = 0237FA3E11B0B897006B2D9B /* corporate_logo.png */; };
		0237FA6811B0C8FE006B2D9B /* page-background.jpg in Resources */ = {isa = PBXBuildFile; fileRef = 0237FA6711B0C8FE006B2D9B /* page-background.jpg */; };
		0237FA7D11B0D5A7006B2D9B /* QuartzCore.framework in Frameworks */ = {isa = PBXBuildFile; fileRef = 0237FA7C11B0D5A7006B2D9B /* QuartzCore.framework */; };
		0237FAA511B0DA9F006B2D9B /* 1.jpg in Resources */ = {isa = PBXBuildFile; fileRef = 0237FA9F11B0DA9F006B2D9B /* 1.jpg */; };
		0237FAA611B0DA9F006B2D9B /* 2.jpg in Resources */ = {isa = PBXBuildFile; fileRef = 0237FAA011B0DA9F006B2D9B /* 2.jpg */; };
		0237FAA711B0DA9F006B2D9B /* 3.jpg in Resources */ = {isa = PBXBuildFile; fileRef = 0237FAA111B0DA9F006B2D9B /* 3.jpg */; };
		0237FAA811B0DA9F006B2D9B /* 4.jpg in Resources */ = {isa = PBXBuildFile; fileRef = 0237FAA211B0DA9F006B2D9B /* 4.jpg */; };
		0237FAA911B0DA9F006B2D9B /* 5.jpg in Resources */ = {isa = PBXBuildFile; fileRef = 0237FAA311B0DA9F006B2D9B /* 5.jpg */; };
		0237FAAA11B0DA9F006B2D9B /* 6.jpg in Resources */ = {isa = PBXBuildFile; fileRef = 0237FAA411B0DA9F006B2D9B /* 6.jpg */; };
		0237FB6F11B0E84C006B2D9B /* CoverFlowView.m in Sources */ = {isa = PBXBuildFile; fileRef = 0237FB6D11B0E84C006B2D9B /* CoverFlowView.m */; };
		02908F1B11A7BA2600ECDADF /* DrTeethAppDelegate.m in Sources */ = {isa = PBXBuildFile; fileRef = 02908F1711A7BA2600ECDADF /* DrTeethAppDelegate.m */; };
		02908F1C11A7BA2600ECDADF /* DrTeethViewController.m in Sources */ = {isa = PBXBuildFile; fileRef = 02908F1911A7BA2600ECDADF /* DrTeethViewController.m */; };
		02908F1D11A7BA2600ECDADF /* main.m in Sources */ = {isa = PBXBuildFile; fileRef = 02908F1A11A7BA2600ECDADF /* main.m */; };
		02908F2011A7BA4600ECDADF /* DrTeeth-Info.plist in Resources */ = {isa = PBXBuildFile; fileRef = 02908F1F11A7BA4600ECDADF /* DrTeeth-Info.plist */; };
		02908F2B11A7BD8200ECDADF /* TWBlogsController.m in Sources */ = {isa = PBXBuildFile; fileRef = 02908F2911A7BD8200ECDADF /* TWBlogsController.m */; };
		02908F2E11A7BDE200ECDADF /* TWBlogsController.xib in Resources */ = {isa = PBXBuildFile; fileRef = 02908F2D11A7BDE200ECDADF /* TWBlogsController.xib */; };
		02908F7611A7CDBB00ECDADF /* NSObject+fileDownload.m in Sources */ = {isa = PBXBuildFile; fileRef = 02908F7511A7CDBB00ECDADF /* NSObject+fileDownload.m */; };
		02908F7911A7CDCB00ECDADF /* FileDownloader.m in Sources */ = {isa = PBXBuildFile; fileRef = 02908F7811A7CDCB00ECDADF /* FileDownloader.m */; };
		0290900111A7E8A400ECDADF /* GDataXMLNode.m in Sources */ = {isa = PBXBuildFile; fileRef = 0290900011A7E8A400ECDADF /* GDataXMLNode.m */; };
		1D60589F0D05DD5A006BFB54 /* Foundation.framework in Frameworks */ = {isa = PBXBuildFile; fileRef = 1D30AB110D05D00D00671497 /* Foundation.framework */; };
		1DF5F4E00D08C38300B7A737 /* UIKit.framework in Frameworks */ = {isa = PBXBuildFile; fileRef = 1DF5F4DF0D08C38300B7A737 /* UIKit.framework */; };
		288765A50DF7441C002DB57D /* CoreGraphics.framework in Frameworks */ = {isa = PBXBuildFile; fileRef = 288765A40DF7441C002DB57D /* CoreGraphics.framework */; };
		2899E5220DE3E06400AC0155 /* DrTeethViewController.xib in Resources */ = {isa = PBXBuildFile; fileRef = 2899E5210DE3E06400AC0155 /* DrTeethViewController.xib */; };
		28AD733F0D9D9553002E5188 /* MainWindow.xib in Resources */ = {isa = PBXBuildFile; fileRef = 28AD733E0D9D9553002E5188 /* MainWindow.xib */; };
/* End PBXBuildFile section */

/* Begin PBXFileReference section */
		0237FA3E11B0B897006B2D9B /* corporate_logo.png */ = {isa = PBXFileReference; lastKnownFileType = image.png; path = corporate_logo.png; sourceTree = "<group>"; };
		0237FA6711B0C8FE006B2D9B /* page-background.jpg */ = {isa = PBXFileReference; lastKnownFileType = image.jpeg; path = "page-background.jpg"; sourceTree = "<group>"; };
		0237FA7C11B0D5A7006B2D9B /* QuartzCore.framework */ = {isa = PBXFileReference; lastKnownFileType = wrapper.framework; name = QuartzCore.framework; path = System/Library/Frameworks/QuartzCore.framework; sourceTree = SDKROOT; };
		0237FA9F11B0DA9F006B2D9B /* 1.jpg */ = {isa = PBXFileReference; lastKnownFileType = image.jpeg; path = 1.jpg; sourceTree = "<group>"; };
		0237FAA011B0DA9F006B2D9B /* 2.jpg */ = {isa = PBXFileReference; lastKnownFileType = image.jpeg; path = 2.jpg; sourceTree = "<group>"; };
		0237FAA111B0DA9F006B2D9B /* 3.jpg */ = {isa = PBXFileReference; lastKnownFileType = image.jpeg; path = 3.jpg; sourceTree = "<group>"; };
		0237FAA211B0DA9F006B2D9B /* 4.jpg */ = {isa = PBXFileReference; lastKnownFileType = image.jpeg; path = 4.jpg; sourceTree = "<group>"; };
		0237FAA311B0DA9F006B2D9B /* 5.jpg */ = {isa = PBXFileReference; lastKnownFileType = image.jpeg; path = 5.jpg; sourceTree = "<group>"; };
		0237FAA411B0DA9F006B2D9B /* 6.jpg */ = {isa = PBXFileReference; lastKnownFileType = image.jpeg; path = 6.jpg; sourceTree = "<group>"; };
		0237FB6C11B0E84C006B2D9B /* CoverFlowView.h */ = {isa = PBXFileReference; fileEncoding = 4; lastKnownFileType = sourcecode.c.h; path = CoverFlowView.h; sourceTree = "<group>"; };
		0237FB6D11B0E84C006B2D9B /* CoverFlowView.m */ = {isa = PBXFileReference; fileEncoding = 4; lastKnownFileType = sourcecode.c.objc; path = CoverFlowView.m; sourceTree = "<group>"; };
		0237FB6E11B0E84C006B2D9B /* UICoverFlowLayer.h */ = {isa = PBXFileReference; fileEncoding = 4; lastKnownFileType = sourcecode.c.h; path = UICoverFlowLayer.h; sourceTree = "<group>"; };
		02908F1511A7BA2600ECDADF /* DrTeeth_Prefix.pch */ = {isa = PBXFileReference; fileEncoding = 4; lastKnownFileType = sourcecode.c.h; path = DrTeeth_Prefix.pch; sourceTree = "<group>"; };
		02908F1611A7BA2600ECDADF /* DrTeethAppDelegate.h */ = {isa = PBXFileReference; fileEncoding = 4; lastKnownFileType = sourcecode.c.h; path = DrTeethAppDelegate.h; sourceTree = "<group>"; };
		02908F1711A7BA2600ECDADF /* DrTeethAppDelegate.m */ = {isa = PBXFileReference; fileEncoding = 4; lastKnownFileType = sourcecode.c.objc; path = DrTeethAppDelegate.m; sourceTree = "<group>"; };
		02908F1811A7BA2600ECDADF /* DrTeethViewController.h */ = {isa = PBXFileReference; fileEncoding = 4; lastKnownFileType = sourcecode.c.h; path = DrTeethViewController.h; sourceTree = "<group>"; };
		02908F1911A7BA2600ECDADF /* DrTeethViewController.m */ = {isa = PBXFileReference; fileEncoding = 4; lastKnownFileType = sourcecode.c.objc; path = DrTeethViewController.m; sourceTree = "<group>"; };
		02908F1A11A7BA2600ECDADF /* main.m */ = {isa = PBXFileReference; fileEncoding = 4; lastKnownFileType = sourcecode.c.objc; path = main.m; sourceTree = "<group>"; };
		02908F1F11A7BA4600ECDADF /* DrTeeth-Info.plist */ = {isa = PBXFileReference; fileEncoding = 4; lastKnownFileType = text.plist.xml; path = "DrTeeth-Info.plist"; sourceTree = "<group>"; };
		02908F2811A7BD8200ECDADF /* TWBlogsController.h */ = {isa = PBXFileReference; fileEncoding = 4; lastKnownFileType = sourcecode.c.h; path = TWBlogsController.h; sourceTree = "<group>"; };
		02908F2911A7BD8200ECDADF /* TWBlogsController.m */ = {isa = PBXFileReference; fileEncoding = 4; lastKnownFileType = sourcecode.c.objc; path = TWBlogsController.m; sourceTree = "<group>"; };
		02908F2D11A7BDE200ECDADF /* TWBlogsController.xib */ = {isa = PBXFileReference; lastKnownFileType = file.xib; path = TWBlogsController.xib; sourceTree = "<group>"; };
		02908F7411A7CDBB00ECDADF /* NSObject+fileDownload.h */ = {isa = PBXFileReference; fileEncoding = 4; lastKnownFileType = sourcecode.c.h; path = "NSObject+fileDownload.h"; sourceTree = "<group>"; };
		02908F7511A7CDBB00ECDADF /* NSObject+fileDownload.m */ = {isa = PBXFileReference; fileEncoding = 4; lastKnownFileType = sourcecode.c.objc; path = "NSObject+fileDownload.m"; sourceTree = "<group>"; };
		02908F7711A7CDCB00ECDADF /* FileDownloader.h */ = {isa = PBXFileReference; fileEncoding = 4; lastKnownFileType = sourcecode.c.h; path = FileDownloader.h; sourceTree = "<group>"; };
		02908F7811A7CDCB00ECDADF /* FileDownloader.m */ = {isa = PBXFileReference; fileEncoding = 4; lastKnownFileType = sourcecode.c.objc; path = FileDownloader.m; sourceTree = "<group>"; };
		02908FFF11A7E8A400ECDADF /* GDataXMLNode.h */ = {isa = PBXFileReference; fileEncoding = 4; lastKnownFileType = sourcecode.c.h; name = GDataXMLNode.h; path = Source/XMLSupport/GDataXMLNode.h; sourceTree = "<group>"; };
		0290900011A7E8A400ECDADF /* GDataXMLNode.m */ = {isa = PBXFileReference; fileEncoding = 4; lastKnownFileType = sourcecode.c.objc; name = GDataXMLNode.m; path = Source/XMLSupport/GDataXMLNode.m; sourceTree = "<group>"; };
		1D30AB110D05D00D00671497 /* Foundation.framework */ = {isa = PBXFileReference; lastKnownFileType = wrapper.framework; name = Foundation.framework; path = System/Library/Frameworks/Foundation.framework; sourceTree = SDKROOT; };
		1D6058910D05DD3D006BFB54 /* DrTeeth.app */ = {isa = PBXFileReference; explicitFileType = wrapper.application; includeInIndex = 0; path = DrTeeth.app; sourceTree = BUILT_PRODUCTS_DIR; };
		1DF5F4DF0D08C38300B7A737 /* UIKit.framework */ = {isa = PBXFileReference; lastKnownFileType = wrapper.framework; name = UIKit.framework; path = System/Library/Frameworks/UIKit.framework; sourceTree = SDKROOT; };
		288765A40DF7441C002DB57D /* CoreGraphics.framework */ = {isa = PBXFileReference; lastKnownFileType = wrapper.framework; name = CoreGraphics.framework; path = System/Library/Frameworks/CoreGraphics.framework; sourceTree = SDKROOT; };
		2899E5210DE3E06400AC0155 /* DrTeethViewController.xib */ = {isa = PBXFileReference; lastKnownFileType = file.xib; path = DrTeethViewController.xib; sourceTree = "<group>"; };
		28AD733E0D9D9553002E5188 /* MainWindow.xib */ = {isa = PBXFileReference; lastKnownFileType = file.xib; path = MainWindow.xib; sourceTree = "<group>"; };
/* End PBXFileReference section */

/* Begin PBXFrameworksBuildPhase section */
		1D60588F0D05DD3D006BFB54 /* Frameworks */ = {
			isa = PBXFrameworksBuildPhase;
			buildActionMask = 2147483647;
			files = (
				1D60589F0D05DD5A006BFB54 /* Foundation.framework in Frameworks */,
				1DF5F4E00D08C38300B7A737 /* UIKit.framework in Frameworks */,
				288765A50DF7441C002DB57D /* CoreGraphics.framework in Frameworks */,
				0237FA7D11B0D5A7006B2D9B /* QuartzCore.framework in Frameworks */,
			);
			runOnlyForDeploymentPostprocessing = 0;
		};
/* End PBXFrameworksBuildPhase section */

/* Begin PBXGroup section */
		0237FA8511B0D874006B2D9B /* collateral */ = {
			isa = PBXGroup;
			children = (
				0237FA8611B0D874006B2D9B /* portfolio */,
			);
			path = collateral;
			sourceTree = "<group>";
		};
		0237FA8611B0D874006B2D9B /* portfolio */ = {
			isa = PBXGroup;
			children = (
				0237FA9F11B0DA9F006B2D9B /* 1.jpg */,
				0237FAA011B0DA9F006B2D9B /* 2.jpg */,
				0237FAA111B0DA9F006B2D9B /* 3.jpg */,
				0237FAA211B0DA9F006B2D9B /* 4.jpg */,
				0237FAA311B0DA9F006B2D9B /* 5.jpg */,
				0237FAA411B0DA9F006B2D9B /* 6.jpg */,
			);
			path = portfolio;
			sourceTree = "<group>";
		};
		0237FB6B11B0E84C006B2D9B /* coverflow */ = {
			isa = PBXGroup;
			children = (
				0237FB6C11B0E84C006B2D9B /* CoverFlowView.h */,
				0237FB6D11B0E84C006B2D9B /* CoverFlowView.m */,
				0237FB6E11B0E84C006B2D9B /* UICoverFlowLayer.h */,
			);
			path = coverflow;
			sourceTree = "<group>";
		};
		02908F1311A7B9E000ECDADF /* src */ = {
			isa = PBXGroup;
			children = (
				02908F7711A7CDCB00ECDADF /* FileDownloader.h */,
				02908F7811A7CDCB00ECDADF /* FileDownloader.m */,
				02908F7311A7CDAD00ECDADF /* Categories */,
				02908F1E11A7BA2900ECDADF /* Controllers */,
				02908F1511A7BA2600ECDADF /* DrTeeth_Prefix.pch */,
				02908F1611A7BA2600ECDADF /* DrTeethAppDelegate.h */,
				02908F1711A7BA2600ECDADF /* DrTeethAppDelegate.m */,
				02908F1A11A7BA2600ECDADF /* main.m */,
			);
			path = src;
			sourceTree = "<group>";
		};
		02908F1E11A7BA2900ECDADF /* Controllers */ = {
			isa = PBXGroup;
			children = (
				02908F1811A7BA2600ECDADF /* DrTeethViewController.h */,
				02908F1911A7BA2600ECDADF /* DrTeethViewController.m */,
				02908F2811A7BD8200ECDADF /* TWBlogsController.h */,
				02908F2911A7BD8200ECDADF /* TWBlogsController.m */,
			);
			name = Controllers;
			sourceTree = "<group>";
		};
		02908F7311A7CDAD00ECDADF /* Categories */ = {
			isa = PBXGroup;
			children = (
				02908F7411A7CDBB00ECDADF /* NSObject+fileDownload.h */,
				02908F7511A7CDBB00ECDADF /* NSObject+fileDownload.m */,
			);
			name = Categories;
			sourceTree = "<group>";
		};
		02908FFE11A7E88100ECDADF /* gdata-client */ = {
			isa = PBXGroup;
			children = (
				02908FFF11A7E8A400ECDADF /* GDataXMLNode.h */,
				0290900011A7E8A400ECDADF /* GDataXMLNode.m */,
			);
			path = "gdata-client";
			sourceTree = "<group>";
		};
		19C28FACFE9D520D11CA2CBB /* Products */ = {
			isa = PBXGroup;
			children = (
				1D6058910D05DD3D006BFB54 /* DrTeeth.app */,
			);
			name = Products;
			sourceTree = "<group>";
		};
		29B97314FDCFA39411CA2CEA /* CustomTemplate */ = {
			isa = PBXGroup;
			children = (
				0237FB6B11B0E84C006B2D9B /* coverflow */,
				0237FA8511B0D874006B2D9B /* collateral */,
				02908FFE11A7E88100ECDADF /* gdata-client */,
				02908F1F11A7BA4600ECDADF /* DrTeeth-Info.plist */,
				02908F1311A7B9E000ECDADF /* src */,
				29B97317FDCFA39411CA2CEA /* resources */,
				29B97323FDCFA39411CA2CEA /* Frameworks */,
				19C28FACFE9D520D11CA2CBB /* Products */,
			);
			name = CustomTemplate;
			sourceTree = "<group>";
		};
		29B97317FDCFA39411CA2CEA /* resources */ = {
			isa = PBXGroup;
			children = (
				0237FA6711B0C8FE006B2D9B /* page-background.jpg */,
				0237FA3E11B0B897006B2D9B /* corporate_logo.png */,
				02908F2D11A7BDE200ECDADF /* TWBlogsController.xib */,
				2899E5210DE3E06400AC0155 /* DrTeethViewController.xib */,
				28AD733E0D9D9553002E5188 /* MainWindow.xib */,
			);
			path = resources;
			sourceTree = "<group>";
		};
		29B97323FDCFA39411CA2CEA /* Frameworks */ = {
			isa = PBXGroup;
			children = (
				1DF5F4DF0D08C38300B7A737 /* UIKit.framework */,
				1D30AB110D05D00D00671497 /* Foundation.framework */,
				288765A40DF7441C002DB57D /* CoreGraphics.framework */,
				0237FA7C11B0D5A7006B2D9B /* QuartzCore.framework */,
			);
			name = Frameworks;
			sourceTree = "<group>";
		};
/* End PBXGroup section */

/* Begin PBXNativeTarget section */
		1D6058900D05DD3D006BFB54 /* DrTeeth */ = {
			isa = PBXNativeTarget;
			buildConfigurationList = 1D6058960D05DD3E006BFB54 /* Build configuration list for PBXNativeTarget "DrTeeth" */;
			buildPhases = (
				1D60588D0D05DD3D006BFB54 /* Resources */,
				1D60588E0D05DD3D006BFB54 /* Sources */,
				1D60588F0D05DD3D006BFB54 /* Frameworks */,
			);
			buildRules = (
			);
			dependencies = (
			);
			name = DrTeeth;
			productName = DrTeeth;
			productReference = 1D6058910D05DD3D006BFB54 /* DrTeeth.app */;
			productType = "com.apple.product-type.application";
		};
/* End PBXNativeTarget section */

/* Begin PBXProject section */
		29B97313FDCFA39411CA2CEA /* Project object */ = {
			isa = PBXProject;
			buildConfigurationList = C01FCF4E08A954540054247B /* Build configuration list for PBXProject "DrTeeth" */;
			compatibilityVersion = "Xcode 3.1";
			hasScannedForEncodings = 1;
			mainGroup = 29B97314FDCFA39411CA2CEA /* CustomTemplate */;
			projectDirPath = "";
			projectRoot = "";
			targets = (
				1D6058900D05DD3D006BFB54 /* DrTeeth */,
			);
		};
/* End PBXProject section */

/* Begin PBXResourcesBuildPhase section */
		1D60588D0D05DD3D006BFB54 /* Resources */ = {
			isa = PBXResourcesBuildPhase;
			buildActionMask = 2147483647;
			files = (
				28AD733F0D9D9553002E5188 /* MainWindow.xib in Resources */,
				2899E5220DE3E06400AC0155 /* DrTeethViewController.xib in Resources */,
				02908F2011A7BA4600ECDADF /* DrTeeth-Info.plist in Resources */,
				02908F2E11A7BDE200ECDADF /* TWBlogsController.xib in Resources */,
				0237FA3F11B0B897006B2D9B /* corporate_logo.png in Resources */,
				0237FA6811B0C8FE006B2D9B /* page-background.jpg in Resources */,
				0237FAA511B0DA9F006B2D9B /* 1.jpg in Resources */,
				0237FAA611B0DA9F006B2D9B /* 2.jpg in Resources */,
				0237FAA711B0DA9F006B2D9B /* 3.jpg in Resources */,
				0237FAA811B0DA9F006B2D9B /* 4.jpg in Resources */,
				0237FAA911B0DA9F006B2D9B /* 5.jpg in Resources */,
				0237FAAA11B0DA9F006B2D9B /* 6.jpg in Resources */,
			);
			runOnlyForDeploymentPostprocessing = 0;
		};
/* End PBXResourcesBuildPhase section */

/* Begin PBXSourcesBuildPhase section */
		1D60588E0D05DD3D006BFB54 /* Sources */ = {
			isa = PBXSourcesBuildPhase;
			buildActionMask = 2147483647;
			files = (
				02908F1B11A7BA2600ECDADF /* DrTeethAppDelegate.m in Sources */,
				02908F1C11A7BA2600ECDADF /* DrTeethViewController.m in Sources */,
				02908F1D11A7BA2600ECDADF /* main.m in Sources */,
				02908F2B11A7BD8200ECDADF /* TWBlogsController.m in Sources */,
				02908F7611A7CDBB00ECDADF /* NSObject+fileDownload.m in Sources */,
				02908F7911A7CDCB00ECDADF /* FileDownloader.m in Sources */,
				0290900111A7E8A400ECDADF /* GDataXMLNode.m in Sources */,
				0237FB6F11B0E84C006B2D9B /* CoverFlowView.m in Sources */,
			);
			runOnlyForDeploymentPostprocessing = 0;
		};
/* End PBXSourcesBuildPhase section */

/* Begin XCBuildConfiguration section */
		1D6058940D05DD3E006BFB54 /* Debug */ = {
			isa = XCBuildConfiguration;
			buildSettings = {
				ALWAYS_SEARCH_USER_PATHS = NO;
				COPY_PHASE_STRIP = NO;
				GCC_DYNAMIC_NO_PIC = NO;
				GCC_OPTIMIZATION_LEVEL = 0;
				GCC_PRECOMPILE_PREFIX_HEADER = YES;
				GCC_PREFIX_HEADER = src/DrTeeth_Prefix.pch;
				INFOPLIST_FILE = "DrTeeth-Info.plist";
				PRODUCT_NAME = DrTeeth;
			};
			name = Debug;
		};
		1D6058950D05DD3E006BFB54 /* Release */ = {
			isa = XCBuildConfiguration;
			buildSettings = {
				ALWAYS_SEARCH_USER_PATHS = NO;
				COPY_PHASE_STRIP = YES;
				GCC_PRECOMPILE_PREFIX_HEADER = YES;
				GCC_PREFIX_HEADER = src/DrTeeth_Prefix.pch;
				INFOPLIST_FILE = "DrTeeth-Info.plist";
				PRODUCT_NAME = DrTeeth;
				VALIDATE_PRODUCT = YES;
			};
			name = Release;
		};
		C01FCF4F08A954540054247B /* Debug */ = {
			isa = XCBuildConfiguration;
			buildSettings = {
				"ARCHS[sdk=iphoneos*]" = armv7;
				"ARCHS[sdk=iphonesimulator*]" = i386;
				"CODE_SIGN_IDENTITY[sdk=iphoneos*]" = "iPhone Developer";
				GCC_C_LANGUAGE_STANDARD = c99;
				GCC_WARN_ABOUT_RETURN_TYPE = YES;
				GCC_WARN_UNUSED_VARIABLE = YES;
				HEADER_SEARCH_PATHS = /usr/include/libxml2;
				OTHER_LDFLAGS = "-lxml2";
				PREBINDING = NO;
				SDKROOT = iphoneos3.2;
				TARGETED_DEVICE_FAMILY = 2;
			};
			name = Debug;
		};
		C01FCF5008A954540054247B /* Release */ = {
			isa = XCBuildConfiguration;
			buildSettings = {
				"ARCHS[sdk=iphoneos*]" = armv7;
				"ARCHS[sdk=iphonesimulator*]" = i386;
				"CODE_SIGN_IDENTITY[sdk=iphoneos*]" = "iPhone Developer";
				GCC_C_LANGUAGE_STANDARD = c99;
				GCC_WARN_ABOUT_RETURN_TYPE = YES;
				GCC_WARN_UNUSED_VARIABLE = YES;
				HEADER_SEARCH_PATHS = /usr/include/libxml2;
				OTHER_CFLAGS = "-DNS_BLOCK_ASSERTIONS=1";
				OTHER_LDFLAGS = "-lxml2";
				PREBINDING = NO;
				SDKROOT = iphoneos3.2;
				TARGETED_DEVICE_FAMILY = 2;
			};
			name = Release;
		};
/* End XCBuildConfiguration section */

/* Begin XCConfigurationList section */
		1D6058960D05DD3E006BFB54 /* Build configuration list for PBXNativeTarget "DrTeeth" */ = {
			isa = XCConfigurationList;
			buildConfigurations = (
				1D6058940D05DD3E006BFB54 /* Debug */,
				1D6058950D05DD3E006BFB54 /* Release */,
			);
			defaultConfigurationIsVisible = 0;
			defaultConfigurationName = Release;
		};
		C01FCF4E08A954540054247B /* Build configuration list for PBXProject "DrTeeth" */ = {
			isa = XCConfigurationList;
			buildConfigurations = (
				C01FCF4F08A954540054247B /* Debug */,
				C01FCF5008A954540054247B /* Release */,
			);
			defaultConfigurationIsVisible = 0;
			defaultConfigurationName = Release;
		};
/* End XCConfigurationList section */
	};
	rootObject = 29B97313FDCFA39411CA2CEA /* Project object */;
}
